{
  "name": "project1",
  "version": "1.0.0",
  "lockfileVersion": 1,
  "requires": true,
  "dependencies": {
    "@types/faker": {
      "version": "4.1.8",
      "resolved": "https://registry.npmjs.org/@types/faker/-/faker-4.1.8.tgz",
      "integrity": "sha512-9ARxZRyXXCMMf8KjYhnD+GHE789HGwIqa1dolCRl/C6ExwvBIUmnIktLeY71TPmFOQiU3DQwrbQEX0pkyqX1tQ==",
      "dev": true
    },
    "@types/googlemaps": {
      "version": "3.39.1",
      "resolved": "https://registry.npmjs.org/@types/googlemaps/-/googlemaps-3.39.1.tgz",
      "integrity": "sha512-a6o1F2Ge3ElxMV5DcLlHJo2/jPX/SayySFY8Hn8qYJ+8sYU2LHlW78YeYXb4mbdyw/2hjYTnPrQfYl5VXcgdWA=="
    },
    "faker": {
      "version": "4.1.0",
      "resolved": "https://registry.npmjs.org/faker/-/faker-4.1.0.tgz",
      "integrity": "sha1-HkW7vsxndLPBlfrSg1EJxtdIzD8=",
      "dev": true
    },
    "typescript": {
      "version": "3.7.4",
      "resolved": "https://registry.npmjs.org/typescript/-/typescript-3.7.4.tgz",
      "integrity": "sha512-A25xv5XCtarLwXpcDNZzCGvW2D1S3/bACratYBx2sax8PefsFhlYmkQicKHvpYflFS8if4zne5zT5kpJ7pzuvw==",
      "dev": true
    }
  }
}
